# THIS IS AN AUTOGENERATED FILE. DO NOT EDIT THIS FILE DIRECTLY.
# yarn lockfile v1


alpinejs@^2.3.5:
  version "2.3.5"
  resolved "https://registry.yarnpkg.com/alpinejs/-/alpinejs-2.3.5.tgz#f077d535979cc7e565d8af3365779cee3b5246e1"
  integrity sha512-/zQiqmiM3gBVKD+yeP7p9XzOXfhxxDMAfoaJRpXiAJykGaeSe3L+bvp/a6uRQMygPV+UUdgAk8fdfToJttRcUQ==
